// !$*UTF8*$!
{
	archiveVersion = 1;
	classes = {
	};
	objectVersion = 50;
	objects = {

/* Begin PBXBuildFile section */
		18A4731F23EEF321008EBC19 /* AppDelegate.swift in Sources */ = {isa = PBXBuildFile; fileRef = 18A4731E23EEF321008EBC19 /* AppDelegate.swift */; };
		18A4732123EEF321008EBC19 /* SceneDelegate.swift in Sources */ = {isa = PBXBuildFile; fileRef = 18A4732023EEF321008EBC19 /* SceneDelegate.swift */; };
		18A4732323EEF321008EBC19 /* ContentView.swift in Sources */ = {isa = PBXBuildFile; fileRef = 18A4732223EEF321008EBC19 /* ContentView.swift */; };
		18A4732523EEF329008EBC19 /* Assets.xcassets in Resources */ = {isa = PBXBuildFile; fileRef = 18A4732423EEF329008EBC19 /* Assets.xcassets */; };
		18A4732823EEF329008EBC19 /* Preview Assets.xcassets in Resources */ = {isa = PBXBuildFile; fileRef = 18A4732723EEF329008EBC19 /* Preview Assets.xcassets */; };
		18A4732B23EEF329008EBC19 /* LaunchScreen.storyboard in Resources */ = {isa = PBXBuildFile; fileRef = 18A4732923EEF329008EBC19 /* LaunchScreen.storyboard */; };
		18A4733423EEF397008EBC19 /* AttributedText.swift in Sources */ = {isa = PBXBuildFile; fileRef = 18A4733323EEF397008EBC19 /* AttributedText.swift */; };
/* End PBXBuildFile section */

/* Begin PBXFileReference section */
		18A4731B23EEF321008EBC19 /* SwiftUI Component for Attributed HTML Text.app */ = {isa = PBXFileReference; explicitFileType = wrapper.application; includeInIndex = 0; path = "SwiftUI Component for Attributed HTML Text.app"; sourceTree = BUILT_PRODUCTS_DIR; };
		18A4731E23EEF321008EBC19 /* AppDelegate.swift */ = {isa = PBXFileReference; lastKnownFileType = sourcecode.swift; path = AppDelegate.swift; sourceTree = "<group>"; };
		18A4732023EEF321008EBC19 /* SceneDelegate.swift */ = {isa = PBXFileReference; lastKnownFileType = sourcecode.swift; path = SceneDelegate.swift; sourceTree = "<group>"; };
		18A4732223EEF321008EBC19 /* ContentView.swift */ = {isa = PBXFileReference; lastKnownFileType = sourcecode.swift; path = ContentView.swift; sourceTree = "<group>"; };
		18A4732423EEF329008EBC19 /* Assets.xcassets */ = {isa = PBXFileReference; lastKnownFileType = folder.assetcatalog; path = Assets.xcassets; sourceTree = "<group>"; };
		18A4732723EEF329008EBC19 /* Preview Assets.xcassets */ = {isa = PBXFileReference; lastKnownFileType = folder.assetcatalog; path = "Preview Assets.xcassets"; sourceTree = "<group>"; };
		18A4732A23EEF329008EBC19 /* Base */ = {isa = PBXFileReference; lastKnownFileType = file.storyboard; name = Base; path = Base.lproj/LaunchScreen.storyboard; sourceTree = "<group>"; };
		18A4732C23EEF329008EBC19 /* Info.plist */ = {isa = PBXFileReference; lastKnownFileType = text.plist.xml; path = Info.plist; sourceTree = "<group>"; };
		18A4733323EEF397008EBC19 /* AttributedText.swift */ = {isa = PBXFileReference; fileEncoding = 4; lastKnownFileType = sourcecode.swift; path = AttributedText.swift; sourceTree = "<group>"; };
/* End PBXFileReference section */

/* Begin PBXFrameworksBuildPhase section */
		18A4731823EEF321008EBC19 /* Frameworks */ = {
			isa = PBXFrameworksBuildPhase;
			buildActionMask = 2147483647;
			files = (
			);
			runOnlyForDeploymentPostprocessing = 0;
		};
/* End PBXFrameworksBuildPhase section */

/* Begin PBXGroup section */
		18A4731223EEF321008EBC19 = {
			isa = PBXGroup;
			children = (
				18A4731D23EEF321008EBC19 /* SwiftUI Component for Attributed HTML Text */,
				18A4731C23EEF321008EBC19 /* Products */,
			);
			sourceTree = "<group>";
		};
		18A4731C23EEF321008EBC19 /* Products */ = {
			isa = PBXGroup;
			children = (
				18A4731B23EEF321008EBC19 /* SwiftUI Component for Attributed HTML Text.app */,
			);
			name = Products;
			sourceTree = "<group>";
		};
		18A4731D23EEF321008EBC19 /* SwiftUI Component for Attributed HTML Text */ = {
			isa = PBXGroup;
			children = (
				18A4733223EEF354008EBC19 /* Component */,
				18A4731E23EEF321008EBC19 /* AppDelegate.swift */,
				18A4732023EEF321008EBC19 /* SceneDelegate.swift */,
				18A4732223EEF321008EBC19 /* ContentView.swift */,
				18A4732423EEF329008EBC19 /* Assets.xcassets */,
				18A4732923EEF329008EBC19 /* LaunchScreen.storyboard */,
				18A4732C23EEF329008EBC19 /* Info.plist */,
				18A4732623EEF329008EBC19 /* Preview Content */,
			);
			path = "SwiftUI Component for Attributed HTML Text";
			sourceTree = "<group>";
		};
		18A4732623EEF329008EBC19 /* Preview Content */ = {
			isa = PBXGroup;
			children = (
				18A4732723EEF329008EBC19 /* Preview Assets.xcassets */,
			);
			path = "Preview Content";
			sourceTree = "<group>";
		};
		18A4733223EEF354008EBC19 /* Component */ = {
			isa = PBXGroup;
			children = (
				18A4733323EEF397008EBC19 /* AttributedText.swift */,
			);
			path = Component;
			sourceTree = "<group>";
		};
/* End PBXGroup section */

/* Begin PBXNativeTarget section */
		18A4731A23EEF321008EBC19 /* SwiftUI Component for Attributed HTML Text */ = {
			isa = PBXNativeTarget;
			buildConfigurationList = 18A4732F23EEF329008EBC19 /* Build configuration list for PBXNativeTarget "SwiftUI Component for Attributed HTML Text" */;
			buildPhases = (
				18A4731723EEF321008EBC19 /* Sources */,
				18A4731823EEF321008EBC19 /* Frameworks */,
				18A4731923EEF321008EBC19 /* Resources */,
			);
			buildRules = (
			);
			dependencies = (
			);
			name = "SwiftUI Component for Attributed HTML Text";
			productName = "SwiftUI Component for Attributed HTML Text";
			productReference = 18A4731B23EEF321008EBC19 /* SwiftUI Component for Attributed HTML Text.app */;
			productType = "com.apple.product-type.application";
		};
/* End PBXNativeTarget section */

/* Begin PBXProject section */
		18A4731323EEF321008EBC19 /* Project object */ = {
			isa = PBXProject;
			attributes = {
				LastSwiftUpdateCheck = 1130;
				LastUpgradeCheck = 1130;
				ORGANIZATIONNAME = "Ingo Böhme";
				TargetAttributes = {
					18A4731A23EEF321008EBC19 = {
						CreatedOnToolsVersion = 11.3.1;
					};
				};
			};
			buildConfigurationList = 18A4731623EEF321008EBC19 /* Build configuration list for PBXProject "SwiftUI Component for Attributed HTML Text" */;
			compatibilityVersion = "Xcode 9.3";
			developmentRegion = en;
			hasScannedForEncodings = 0;
			knownRegions = (
				en,
				Base,
			);
			mainGroup = 18A4731223EEF321008EBC19;
			productRefGroup = 18A4731C23EEF321008EBC19 /* Products */;
			projectDirPath = "";
			projectRoot = "";
			targets = (
				18A4731A23EEF321008EBC19 /* SwiftUI Component for Attributed HTML Text */,
			);
		};
/* End PBXProject section */

/* Begin PBXResourcesBuildPhase section */
		18A4731923EEF321008EBC19 /* Resources */ = {
			isa = PBXResourcesBuildPhase;
			buildActionMask = 2147483647;
			files = (
				18A4732B23EEF329008EBC19 /* LaunchScreen.storyboard in Resources */,
				18A4732823EEF329008EBC19 /* Preview Assets.xcassets in Resources */,
				18A4732523EEF329008EBC19 /* Assets.xcassets in Resources */,
			);
			runOnlyForDeploymentPostprocessing = 0;
		};
/* End PBXResourcesBuildPhase section */

/* Begin PBXSourcesBuildPhase section */
		18A4731723EEF321008EBC19 /* Sources */ = {
			isa = PBXSourcesBuildPhase;
			buildActionMask = 2147483647;
			files = (
				18A4733423EEF397008EBC19 /* AttributedText.swift in Sources */,
				18A4731F23EEF321008EBC19 /* AppDelegate.swift in Sources */,
				18A4732123EEF321008EBC19 /* SceneDelegate.swift in Sources */,
				18A4732323EEF321008EBC19 /* ContentView.swift in Sources */,
			);
			runOnlyForDeploymentPostprocessing = 0;
		};
/* End PBXSourcesBuildPhase section */

/* Begin PBXVariantGroup section */
		18A4732923EEF329008EBC19 /* LaunchScreen.storyboard */ = {
			isa = PBXVariantGroup;
			children = (
				18A4732A23EEF329008EBC19 /* Base */,
			);
			name = LaunchScreen.storyboard;
			sourceTree = "<group>";
		};
/* End PBXVariantGroup section */

/* Begin XCBuildConfiguration section */
		18A4732D23EEF329008EBC19 /* Debug */ = {
			isa = XCBuildConfiguration;
			buildSettings = {
				ALWAYS_SEARCH_USER_PATHS = NO;
				CLANG_ANALYZER_NONNULL = YES;
				CLANG_ANALYZER_NUMBER_OBJECT_CONVERSION = YES_AGGRESSIVE;
				CLANG_CXX_LANGUAGE_STANDARD = "gnu++14";
				CLANG_CXX_LIBRARY = "libc++";
				CLANG_ENABLE_MODULES = YES;
				CLANG_ENABLE_OBJC_ARC = YES;
				CLANG_ENABLE_OBJC_WEAK = YES;
				CLANG_WARN_BLOCK_CAPTURE_AUTORELEASING = YES;
				CLANG_WARN_BOOL_CONVERSION = YES;
				CLANG_WARN_COMMA = YES;
				CLANG_WARN_CONSTANT_CONVERSION = YES;
				CLANG_WARN_DEPRECATED_OBJC_IMPLEMENTATIONS = YES;
				CLANG_WARN_DIRECT_OBJC_ISA_USAGE = YES_ERROR;
				CLANG_WARN_DOCUMENTATION_COMMENTS = YES;
				CLANG_WARN_EMPTY_BODY = YES;
				CLANG_WARN_ENUM_CONVERSION = YES;
				CLANG_WARN_INFINITE_RECURSION = YES;
				CLANG_WARN_INT_CONVERSION = YES;
				CLANG_WARN_NON_LITERAL_NULL_CONVERSION = YES;
				CLANG_WARN_OBJC_IMPLICIT_RETAIN_SELF = YES;
				CLANG_WARN_OBJC_LITERAL_CONVERSION = YES;
				CLANG_WARN_OBJC_ROOT_CLASS = YES_ERROR;
				CLANG_WARN_RANGE_LOOP_ANALYSIS = YES;
				CLANG_WARN_STRICT_PROTOTYPES = YES;
				CLANG_WARN_SUSPICIOUS_MOVE = YES;
				CLANG_WARN_UNGUARDED_AVAILABILITY = YES_AGGRESSIVE;
				CLANG_WARN_UNREACHABLE_CODE = YES;
				CLANG_WARN__DUPLICATE_METHOD_MATCH = YES;
				COPY_PHASE_STRIP = NO;
				DEBUG_INFORMATION_FORMAT = dwarf;
				ENABLE_STRICT_OBJC_MSGSEND = YES;
				ENABLE_TESTABILITY = YES;
				GCC_C_LANGUAGE_STANDARD = gnu11;
				GCC_DYNAMIC_NO_PIC = NO;
				GCC_NO_COMMON_BLOCKS = YES;
				GCC_OPTIMIZATION_LEVEL = 0;
				GCC_PREPROCESSOR_DEFINITIONS = (
					"DEBUG=1",
					"$(inherited)",
				);
				GCC_WARN_64_TO_32_BIT_CONVERSION = YES;
				GCC_WARN_ABOUT_RETURN_TYPE = YES_ERROR;
				GCC_WARN_UNDECLARED_SELECTOR = YES;
				GCC_WARN_UNINITIALIZED_AUTOS = YES_AGGRESSIVE;
				GCC_WARN_UNUSED_FUNCTION = YES;
				GCC_WARN_UNUSED_VARIABLE = YES;
				IPHONEOS_DEPLOYMENT_TARGET = 13.0;
				MTL_ENABLE_DEBUG_INFO = INCLUDE_SOURCE;
				MTL_FAST_MATH = YES;
				ONLY_ACTIVE_ARCH = YES;
				SDKROOT = iphoneos;
				SWIFT_ACTIVE_COMPILATION_CONDITIONS = DEBUG;
				SWIFT_OPTIMIZATION_LEVEL = "-Onone";
			};
			name = Debug;
		};
		18A4732E23EEF329008EBC19 /* Release */ = {
			isa = XCBuildConfiguration;
			buildSettings = {
				ALWAYS_SEARCH_USER_PATHS = NO;
				CLANG_ANALYZER_NONNULL = YES;
				CLANG_ANALYZER_NUMBER_OBJECT_CONVERSION = YES_AGGRESSIVE;
				CLANG_CXX_LANGUAGE_STANDARD = "gnu++14";
				CLANG_CXX_LIBRARY = "libc++";
				CLANG_ENABLE_MODULES = YES;
				CLANG_ENABLE_OBJC_ARC = YES;
				CLANG_ENABLE_OBJC_WEAK = YES;
				CLANG_WARN_BLOCK_CAPTURE_AUTORELEASING = YES;
				CLANG_WARN_BOOL_CONVERSION = YES;
				CLANG_WARN_COMMA = YES;
				CLANG_WARN_CONSTANT_CONVERSION = YES;
				CLANG_WARN_DEPRECATED_OBJC_IMPLEMENTATIONS = YES;
				CLANG_WARN_DIRECT_OBJC_ISA_USAGE = YES_ERROR;
				CLANG_WARN_DOCUMENTATION_COMMENTS = YES;
				CLANG_WARN_EMPTY_BODY = YES;
				CLANG_WARN_ENUM_CONVERSION = YES;
				CLANG_WARN_INFINITE_RECURSION = YES;
				CLANG_WARN_INT_CONVERSION = YES;
				CLANG_WARN_NON_LITERAL_NULL_CONVERSION = YES;
				CLANG_WARN_OBJC_IMPLICIT_RETAIN_SELF = YES;
				CLANG_WARN_OBJC_LITERAL_CONVERSION = YES;
				CLANG_WARN_OBJC_ROOT_CLASS = YES_ERROR;
				CLANG_WARN_RANGE_LOOP_ANALYSIS = YES;
				CLANG_WARN_STRICT_PROTOTYPES = YES;
				CLANG_WARN_SUSPICIOUS_MOVE = YES;
				CLANG_WARN_UNGUARDED_AVAILABILITY = YES_AGGRESSIVE;
				CLANG_WARN_UNREACHABLE_CODE = YES;
				CLANG_WARN__DUPLICATE_METHOD_MATCH = YES;
				COPY_PHASE_STRIP = NO;
				DEBUG_INFORMATION_FORMAT = "dwarf-with-dsym";
				ENABLE_NS_ASSERTIONS = NO;
				ENABLE_STRICT_OBJC_MSGSEND = YES;
				GCC_C_LANGUAGE_STANDARD = gnu11;
				GCC_NO_COMMON_BLOCKS = YES;
				GCC_WARN_64_TO_32_BIT_CONVERSION = YES;
				GCC_WARN_ABOUT_RETURN_TYPE = YES_ERROR;
				GCC_WARN_UNDECLARED_SELECTOR = YES;
				GCC_WARN_UNINITIALIZED_AUTOS = YES_AGGRESSIVE;
				GCC_WARN_UNUSED_FUNCTION = YES;
				GCC_WARN_UNUSED_VARIABLE = YES;
				IPHONEOS_DEPLOYMENT_TARGET = 13.0;
				MTL_ENABLE_DEBUG_INFO = NO;
				MTL_FAST_MATH = YES;
				SDKROOT = iphoneos;
				SWIFT_COMPILATION_MODE = wholemodule;
				SWIFT_OPTIMIZATION_LEVEL = "-O";
				VALIDATE_PRODUCT = YES;
			};
			name = Release;
		};
		18A4733023EEF329008EBC19 /* Debug */ = {
			isa = XCBuildConfiguration;
			buildSettings = {
				ASSETCATALOG_COMPILER_APPICON_NAME = AppIcon;
				CODE_SIGN_STYLE = Automatic;
				DEVELOPMENT_ASSET_PATHS = "\"SwiftUI Component for Attributed HTML Text/Preview Content\"";
				DEVELOPMENT_TEAM = KT43342F9W;
				ENABLE_PREVIEWS = YES;
				INFOPLIST_FILE = "SwiftUI Component for Attributed HTML Text/Info.plist";
				LD_RUNPATH_SEARCH_PATHS = (
					"$(inherited)",
					"@executable_path/Frameworks",
				);
				PRODUCT_BUNDLE_IDENTIFIER = "de.IBMobile.SwiftUI-Component-for-Attributed-HTML-Text";
				PRODUCT_NAME = "$(TARGET_NAME)";
				SWIFT_VERSION = 5.0;
				TARGETED_DEVICE_FAMILY = "1,2";
			};
			name = Debug;
		};
		18A4733123EEF329008EBC19 /* Release */ = {
			isa = XCBuildConfiguration;
			buildSettings = {
				ASSETCATALOG_COMPILER_APPICON_NAME = AppIcon;
				CODE_SIGN_STYLE = Automatic;
				DEVELOPMENT_ASSET_PATHS = "\"SwiftUI Component for Attributed HTML Text/Preview Content\"";
				DEVELOPMENT_TEAM = KT43342F9W;
				ENABLE_PREVIEWS = YES;
				INFOPLIST_FILE = "SwiftUI Component for Attributed HTML Text/Info.plist";
				LD_RUNPATH_SEARCH_PATHS = (
					"$(inherited)",
					"@executable_path/Frameworks",
				);
				PRODUCT_BUNDLE_IDENTIFIER = "de.IBMobile.SwiftUI-Component-for-Attributed-HTML-Text";
				PRODUCT_NAME = "$(TARGET_NAME)";
				SWIFT_VERSION = 5.0;
				TARGETED_DEVICE_FAMILY = "1,2";
			};
			name = Release;
		};
/* End XCBuildConfiguration section */

/* Begin XCConfigurationList section */
		18A4731623EEF321008EBC19 /* Build configuration list for PBXProject "SwiftUI Component for Attributed HTML Text" */ = {
			isa = XCConfigurationList;
			buildConfigurations = (
				18A4732D23EEF329008EBC19 /* Debug */,
				18A4732E23EEF329008EBC19 /* Release */,
			);
			defaultConfigurationIsVisible = 0;
			defaultConfigurationName = Release;
		};
		18A4732F23EEF329008EBC19 /* Build configuration list for PBXNativeTarget "SwiftUI Component for Attributed HTML Text" */ = {
			isa = XCConfigurationList;
			buildConfigurations = (
				18A4733023EEF329008EBC19 /* Debug */,
				18A4733123EEF329008EBC19 /* Release */,
			);
			defaultConfigurationIsVisible = 0;
			defaultConfigurationName = Release;
		};
/* End XCConfigurationList section */
	};
	rootObject = 18A4731323EEF321008EBC19 /* Project object */;
}
